
Microsoft Visual Studio Solution File, Format Version 12.00
# Visual Studio 15
VisualStudioVersion = 15.0.28307.1433
MinimumVisualStudioVersion = 10.0.40219.1
Project("{FAE04EC0-301F-11D3-BF4B-00C04F79EFBC}") = "MVCLive", "MVCLive\MVCLive.csproj", "{8DEA4F05-6D35-46AB-812B-5F9A9DEAD8F5}"
EndProject
Global
	GlobalSection(SolutionConfigurationPlatforms) = preSolution
		Debug|Any CPU = Debug|Any CPU
		Release|Any CPU = Release|Any CPU
	EndGlobalSection
	GlobalSection(ProjectConfigurationPlatforms) = postSolution
		{8DEA4F05-6D35-46AB-812B-5F9A9DEAD8F5}.Debug|Any CPU.ActiveCfg = Debug|Any CPU
		{8DEA4F05-6D35-46AB-812B-5F9A9DEAD8F5}.Debug|Any CPU.Build.0 = Debug|Any CPU
		{8DEA4F05-6D35-46AB-812B-5F9A9DEAD8F5}.Release|Any CPU.ActiveCfg = Release|Any CPU
		{8DEA4F05-6D35-46AB-812B-5F9A9DEAD8F5}.Release|Any CPU.Build.0 = Release|Any CPU
	EndGlobalSection
	GlobalSection(SolutionProperties) = preSolution
		HideSolutionNode = FALSE
	EndGlobalSection
	GlobalSection(ExtensibilityGlobals) = postSolution
		SolutionGuid = {20A96864-9551-4C45-A288-9CDBD8CFF42C}
	EndGlobalSection
EndGlobal
